{
  "version": 4,
  "terraform_version": "1.3.3",
  "serial": 201,
  "lineage": "c0f7fa3e-09ec-c3de-db2f-ef7df7499177",
  "outputs": {},
  "resources": [
    {
      "mode": "data",
      "type": "azurerm_resource_group",
      "name": "vnet-rg",
      "provider": "provider[\"registry.terraform.io/hashicorp/azurerm\"]",
      "instances": [
        {
          "schema_version": 0,
          "attributes": {
            "id": "/subscriptions/8ac82bd5-0e43-4651-b9ca-533b7741e705/resourceGroups/avd-rg",
            "location": "westeurope",
            "name": "avd-rg",
            "tags": {},
            "timeouts": null
          },
          "sensitive_attributes": []
        }
      ]
    },
    {
      "mode": "data",
      "type": "azurerm_subnet",
      "name": "subnet",
      "provider": "provider[\"registry.terraform.io/hashicorp/azurerm\"]",
      "instances": [
        {
          "schema_version": 0,
          "attributes": {
            "address_prefix": "10.3.0.0/16",
            "address_prefixes": [
              "10.3.0.0/16"
            ],
            "enforce_private_link_endpoint_network_policies": false,
            "enforce_private_link_service_network_policies": false,
            "id": "/subscriptions/8ac82bd5-0e43-4651-b9ca-533b7741e705/resourceGroups/avd-rg/providers/Microsoft.Network/virtualNetworks/avd-vnet/subnets/avd-vnet",
            "name": "avd-vnet",
            "network_security_group_id": "",
            "private_endpoint_network_policies_enabled": true,
            "private_link_service_network_policies_enabled": true,
            "resource_group_name": "avd-rg",
            "route_table_id": "",
            "service_endpoints": [],
            "timeouts": null,
            "virtual_network_name": "avd-vnet"
          },
          "sensitive_attributes": []
        }
      ]
    },
    {
      "mode": "data",
      "type": "azurerm_virtual_network",
      "name": "vnet",
      "provider": "provider[\"registry.terraform.io/hashicorp/azurerm\"]",
      "instances": [
        {
          "schema_version": 0,
          "attributes": {
            "address_space": [
              "10.3.0.0/16"
            ],
            "dns_servers": [
              "10.1.0.4"
            ],
            "guid": "df36ec38-53bc-49c8-8eb3-f9b5a2127fd9",
            "id": "/subscriptions/8ac82bd5-0e43-4651-b9ca-533b7741e705/resourceGroups/avd-rg/providers/Microsoft.Network/virtualNetworks/avd-vnet",
            "location": "westeurope",
            "name": "avd-vnet",
            "resource_group_name": "avd-rg",
            "subnets": [
              "avd-vnet"
            ],
            "tags": {},
            "timeouts": null,
            "vnet_peerings": {
              "VPN-to-VNET": "/subscriptions/8ac82bd5-0e43-4651-b9ca-533b7741e705/resourceGroups/VPN-RG/providers/Microsoft.Network/virtualNetworks/VPN-VNET",
              "peer-avd-dc": "/subscriptions/8ac82bd5-0e43-4651-b9ca-533b7741e705/resourceGroups/vm-dc-rg/providers/Microsoft.Network/virtualNetworks/vm-dc-rg-vnet"
            },
            "vnet_peerings_addresses": [
              "10.1.0.0/16",
              "10.2.0.0/16"
            ]
          },
          "sensitive_attributes": []
        }
      ]
    },
    {
      "mode": "managed",
      "type": "azurerm_resource_group",
      "name": "avd-backplane",
      "provider": "provider[\"registry.terraform.io/hashicorp/azurerm\"]",
      "instances": [
        {
          "schema_version": 0,
          "attributes": {
            "id": "/subscriptions/8ac82bd5-0e43-4651-b9ca-533b7741e705/resourceGroups/000-avd-backplane",
            "location": "westeurope",
            "name": "000-avd-backplane",
            "tags": {
              "Environment": "prod",
              "Type": "avd"
            },
            "timeouts": null
          },
          "sensitive_attributes": [],
          "private": "eyJlMmJmYjczMC1lY2FhLTExZTYtOGY4OC0zNDM2M2JjN2M0YzAiOnsiY3JlYXRlIjo1NDAwMDAwMDAwMDAwLCJkZWxldGUiOjU0MDAwMDAwMDAwMDAsInJlYWQiOjMwMDAwMDAwMDAwMCwidXBkYXRlIjo1NDAwMDAwMDAwMDAwfX0="
        }
      ]
    },
    {
      "mode": "managed",
      "type": "azurerm_resource_group",
      "name": "avd-sessionhosts",
      "provider": "provider[\"registry.terraform.io/hashicorp/azurerm\"]",
      "instances": [
        {
          "schema_version": 0,
          "attributes": {
            "id": "/subscriptions/8ac82bd5-0e43-4651-b9ca-533b7741e705/resourceGroups/000-avd-session-hosts",
            "location": "westeurope",
            "name": "000-avd-session-hosts",
            "tags": {
              "Environment": "prod",
              "Location": "westeurope"
            },
            "timeouts": null
          },
          "sensitive_attributes": [],
          "private": "eyJlMmJmYjczMC1lY2FhLTExZTYtOGY4OC0zNDM2M2JjN2M0YzAiOnsiY3JlYXRlIjo1NDAwMDAwMDAwMDAwLCJkZWxldGUiOjU0MDAwMDAwMDAwMDAsInJlYWQiOjMwMDAwMDAwMDAwMCwidXBkYXRlIjo1NDAwMDAwMDAwMDAwfX0="
        }
      ]
    },
    {
      "mode": "managed",
      "type": "azurerm_subnet",
      "name": "avd-subnet",
      "provider": "provider[\"registry.terraform.io/hashicorp/azurerm\"]",
      "instances": []
    },
    {
      "mode": "managed",
      "type": "azurerm_virtual_desktop_application_group",
      "name": "dag",
      "provider": "provider[\"registry.terraform.io/hashicorp/azurerm\"]",
      "instances": [
        {
          "schema_version": 1,
          "attributes": {
            "default_desktop_display_name": "",
            "description": "AVD Desktop Application Group",
            "friendly_name": "Desktop AppGroup",
            "host_pool_id": "/subscriptions/8ac82bd5-0e43-4651-b9ca-533b7741e705/resourceGroups/000-avd-backplane/providers/Microsoft.DesktopVirtualization/hostPools/000-hp",
            "id": "/subscriptions/8ac82bd5-0e43-4651-b9ca-533b7741e705/resourceGroups/000-avd-backplane/providers/Microsoft.DesktopVirtualization/applicationGroups/000-dag",
            "location": "westeurope",
            "name": "000-dag",
            "resource_group_name": "000-avd-backplane",
            "tags": {},
            "timeouts": null,
            "type": "Desktop"
          },
          "sensitive_attributes": [],
          "private": "eyJlMmJmYjczMC1lY2FhLTExZTYtOGY4OC0zNDM2M2JjN2M0YzAiOnsiY3JlYXRlIjozNjAwMDAwMDAwMDAwLCJkZWxldGUiOjM2MDAwMDAwMDAwMDAsInJlYWQiOjMwMDAwMDAwMDAwMCwidXBkYXRlIjozNjAwMDAwMDAwMDAwfSwic2NoZW1hX3ZlcnNpb24iOiIxIn0=",
          "dependencies": [
            "azurerm_resource_group.avd-backplane",
            "azurerm_virtual_desktop_host_pool.hp",
            "azurerm_virtual_desktop_workspace.workspace"
          ]
        }
      ]
    },
    {
      "mode": "managed",
      "type": "azurerm_virtual_desktop_host_pool",
      "name": "hp",
      "provider": "provider[\"registry.terraform.io/hashicorp/azurerm\"]",
      "instances": [
        {
          "schema_version": 1,
          "attributes": {
            "custom_rdp_properties": "audiocapturemode:i:1;audiomode:i:0;",
            "description": "Hostpool Prod",
            "friendly_name": "Hostpool Prod",
            "id": "/subscriptions/8ac82bd5-0e43-4651-b9ca-533b7741e705/resourceGroups/000-avd-backplane/providers/Microsoft.DesktopVirtualization/hostPools/000-hp",
            "load_balancer_type": "BreadthFirst",
            "location": "westeurope",
            "maximum_sessions_allowed": 16,
            "name": "000-hp",
            "personal_desktop_assignment_type": "",
            "preferred_app_group_type": "Desktop",
            "resource_group_name": "000-avd-backplane",
            "scheduled_agent_updates": [
              {
                "enabled": true,
                "schedule": [
                  {
                    "day_of_week": "Sunday",
                    "hour_of_day": 18
                  },
                  {
                    "day_of_week": "Saturday",
                    "hour_of_day": 18
                  }
                ],
                "timezone": "W. Europe Standard Time",
                "use_session_host_timezone": false
              }
            ],
            "start_vm_on_connect": false,
            "tags": {
              "environment": "prod",
              "image": "test",
              "location": "prod"
            },
            "timeouts": null,
            "type": "Pooled",
            "validate_environment": false
          },
          "sensitive_attributes": [],
          "private": "eyJlMmJmYjczMC1lY2FhLTExZTYtOGY4OC0zNDM2M2JjN2M0YzAiOnsiY3JlYXRlIjozNjAwMDAwMDAwMDAwLCJkZWxldGUiOjM2MDAwMDAwMDAwMDAsInJlYWQiOjMwMDAwMDAwMDAwMCwidXBkYXRlIjozNjAwMDAwMDAwMDAwfSwic2NoZW1hX3ZlcnNpb24iOiIxIn0=",
          "dependencies": [
            "azurerm_resource_group.avd-backplane"
          ]
        }
      ]
    },
    {
      "mode": "managed",
      "type": "azurerm_virtual_desktop_host_pool_registration_info",
      "name": "registrationinfo",
      "provider": "provider[\"registry.terraform.io/hashicorp/azurerm\"]",
      "instances": [
        {
          "schema_version": 0,
          "attributes": {
            "expiration_date": "2022-11-29T15:19:03Z",
            "hostpool_id": "/subscriptions/8ac82bd5-0e43-4651-b9ca-533b7741e705/resourceGroups/000-avd-backplane/providers/Microsoft.DesktopVirtualization/hostPools/000-hp",
            "id": "/subscriptions/8ac82bd5-0e43-4651-b9ca-533b7741e705/resourceGroups/000-avd-backplane/providers/Microsoft.DesktopVirtualization/hostPools/000-hp/registrationInfo/default",
            "timeouts": null,
            "token": "eyJhbGciOiJSUzI1NiIsImtpZCI6IjQ4NEJBMzVERTg5RjQxODlEQUQ4RDREMUFBRDg3MzBCRkZCNzg2QzAiLCJ0eXAiOiJKV1QifQ.eyJSZWdpc3RyYXRpb25JZCI6ImEzZjBkYjhmLTEzNDYtNGNiMS04N2U0LTMwOWRjYjBiM2FlZiIsIkJyb2tlclVyaSI6Imh0dHBzOi8vcmRicm9rZXItZy1ldS1yMC53dmQubWljcm9zb2Z0LmNvbS8iLCJEaWFnbm9zdGljc1VyaSI6Imh0dHBzOi8vcmRkaWFnbm9zdGljcy1nLWV1LXIwLnd2ZC5taWNyb3NvZnQuY29tLyIsIkVuZHBvaW50UG9vbElkIjoiZjU0ZjViZGQtMTEzZS00MGQ2LWFhOGUtODBlMGQ2NDQxYjdlIiwiR2xvYmFsQnJva2VyVXJpIjoiaHR0cHM6Ly9yZGJyb2tlci53dmQubWljcm9zb2Z0LmNvbS8iLCJHZW9ncmFwaHkiOiJFVSIsIkdsb2JhbEJyb2tlclJlc291cmNlSWRVcmkiOiJodHRwczovL2Y1NGY1YmRkLTExM2UtNDBkNi1hYThlLTgwZTBkNjQ0MWI3ZS5yZGJyb2tlci53dmQubWljcm9zb2Z0LmNvbS8iLCJCcm9rZXJSZXNvdXJjZUlkVXJpIjoiaHR0cHM6Ly9mNTRmNWJkZC0xMTNlLTQwZDYtYWE4ZS04MGUwZDY0NDFiN2UucmRicm9rZXItZy1ldS1yMC53dmQubWljcm9zb2Z0LmNvbS8iLCJEaWFnbm9zdGljc1Jlc291cmNlSWRVcmkiOiJodHRwczovL2Y1NGY1YmRkLTExM2UtNDBkNi1hYThlLTgwZTBkNjQ0MWI3ZS5yZGRpYWdub3N0aWNzLWctZXUtcjAud3ZkLm1pY3Jvc29mdC5jb20vIiwiQUFEVGVuYW50SWQiOiIzNWZkMDgyOS1hYjhhLTRjZDctODE4ZC01NmJiNTFiNTA5YjQiLCJuYmYiOjE2NjcyMjk1NTgsImV4cCI6MTY2OTczNTE0MywiaXNzIjoiUkRJbmZyYVRva2VuTWFuYWdlciIsImF1ZCI6IlJEbWkifQ.NjjjbPSyqeTk0qcK8t7e7NmgiSB2EyfwtK8gCRYS1PDwaKQgu1tcZG-0ZNxl7bqOAH1J2OxggieytA1D8vvucD_53QD8RImPkwsjUT_3ooSca_dlqcX96ijniT8V3SusHK5AhpIFYcqZ7npJmXUlA8J6rl6JjPe2e57SxCfteIbxAJz8g05lMLI5lEMFIcmi1c1w6hSLGLJsaeONvQADfD4U4XxvViinOE__f9u9YtJPYopvGmraG4JIQKQA33gv4emWHjCwE_AO0yOXbJjCckeEwIPhUxc2fgI9PTopI7rpcY-m26uupmi85MUdtQj_RDPlk890U2S_SCcET63-nQ"
          },
          "sensitive_attributes": [],
          "private": "eyJlMmJmYjczMC1lY2FhLTExZTYtOGY4OC0zNDM2M2JjN2M0YzAiOnsiY3JlYXRlIjoxODAwMDAwMDAwMDAwLCJkZWxldGUiOjE4MDAwMDAwMDAwMDAsInJlYWQiOjMwMDAwMDAwMDAwMCwidXBkYXRlIjoxODAwMDAwMDAwMDAwfX0=",
          "dependencies": [
            "azurerm_resource_group.avd-backplane",
            "azurerm_virtual_desktop_host_pool.hp",
            "time_rotating.avd_registration_expiration"
          ]
        }
      ]
    },
    {
      "mode": "managed",
      "type": "azurerm_virtual_desktop_workspace",
      "name": "workspace",
      "provider": "provider[\"registry.terraform.io/hashicorp/azurerm\"]",
      "instances": [
        {
          "schema_version": 1,
          "attributes": {
            "description": "AVD Workspace Prod",
            "friendly_name": "AVD Workspace Prod",
            "id": "/subscriptions/8ac82bd5-0e43-4651-b9ca-533b7741e705/resourceGroups/000-avd-backplane/providers/Microsoft.DesktopVirtualization/workspaces/000-avd-workspace",
            "location": "westeurope",
            "name": "000-avd-workspace",
            "resource_group_name": "000-avd-backplane",
            "tags": {},
            "timeouts": null
          },
          "sensitive_attributes": [],
          "private": "eyJlMmJmYjczMC1lY2FhLTExZTYtOGY4OC0zNDM2M2JjN2M0YzAiOnsiY3JlYXRlIjozNjAwMDAwMDAwMDAwLCJkZWxldGUiOjM2MDAwMDAwMDAwMDAsInJlYWQiOjMwMDAwMDAwMDAwMCwidXBkYXRlIjozNjAwMDAwMDAwMDAwfSwic2NoZW1hX3ZlcnNpb24iOiIxIn0=",
          "dependencies": [
            "azurerm_resource_group.avd-backplane"
          ]
        }
      ]
    },
    {
      "mode": "managed",
      "type": "azurerm_virtual_desktop_workspace_application_group_association",
      "name": "ws-dag",
      "provider": "provider[\"registry.terraform.io/hashicorp/azurerm\"]",
      "instances": [
        {
          "schema_version": 1,
          "attributes": {
            "application_group_id": "/subscriptions/8ac82bd5-0e43-4651-b9ca-533b7741e705/resourceGroups/000-avd-backplane/providers/Microsoft.DesktopVirtualization/applicationGroups/000-dag",
            "id": "/subscriptions/8ac82bd5-0e43-4651-b9ca-533b7741e705/resourceGroups/000-avd-backplane/providers/Microsoft.DesktopVirtualization/workspaces/000-avd-workspace|/subscriptions/8ac82bd5-0e43-4651-b9ca-533b7741e705/resourceGroups/000-avd-backplane/providers/Microsoft.DesktopVirtualization/applicationGroups/000-dag",
            "timeouts": null,
            "workspace_id": "/subscriptions/8ac82bd5-0e43-4651-b9ca-533b7741e705/resourceGroups/000-avd-backplane/providers/Microsoft.DesktopVirtualization/workspaces/000-avd-workspace"
          },
          "sensitive_attributes": [],
          "private": "eyJlMmJmYjczMC1lY2FhLTExZTYtOGY4OC0zNDM2M2JjN2M0YzAiOnsiY3JlYXRlIjozNjAwMDAwMDAwMDAwLCJkZWxldGUiOjM2MDAwMDAwMDAwMDAsInJlYWQiOjMwMDAwMDAwMDAwMCwidXBkYXRlIjozNjAwMDAwMDAwMDAwfSwic2NoZW1hX3ZlcnNpb24iOiIxIn0=",
          "dependencies": [
            "azurerm_resource_group.avd-backplane",
            "azurerm_virtual_desktop_application_group.dag",
            "azurerm_virtual_desktop_host_pool.hp",
            "azurerm_virtual_desktop_workspace.workspace"
          ]
        }
      ]
    },
    {
      "mode": "managed",
      "type": "azurerm_virtual_network",
      "name": "avd-vnet",
      "provider": "provider[\"registry.terraform.io/hashicorp/azurerm\"]",
      "instances": []
    },
    {
      "mode": "managed",
      "type": "time_rotating",
      "name": "avd_registration_expiration",
      "provider": "provider[\"registry.terraform.io/hashicorp/time\"]",
      "instances": [
        {
          "schema_version": 0,
          "attributes": {
            "day": 29,
            "hour": 15,
            "id": "2022-10-31T15:19:03Z",
            "minute": 19,
            "month": 11,
            "rfc3339": "2022-10-31T15:19:03Z",
            "rotation_days": 29,
            "rotation_hours": null,
            "rotation_minutes": null,
            "rotation_months": null,
            "rotation_rfc3339": "2022-11-29T15:19:03Z",
            "rotation_years": null,
            "second": 3,
            "triggers": null,
            "unix": 1669735143,
            "year": 2022
          },
          "sensitive_attributes": []
        }
      ]
    }
  ],
  "check_results": []
}
